
Microsoft Visual Studio Solution File, Format Version 12.00
Project("{FAE04EC0-301F-11D3-BF4B-00C04F79EFBC}") = "OOPExam", "OOPExam\OOPExam.csproj", "{429168BB-D503-4778-A13F-30386063B069}"
EndProject
Global
	GlobalSection(SolutionConfigurationPlatforms) = preSolution
		Debug|Any CPU = Debug|Any CPU
		Release|Any CPU = Release|Any CPU
	EndGlobalSection
	GlobalSection(ProjectConfigurationPlatforms) = postSolution
		{429168BB-D503-4778-A13F-30386063B069}.Debug|Any CPU.ActiveCfg = Debug|Any CPU
		{429168BB-D503-4778-A13F-30386063B069}.Debug|Any CPU.Build.0 = Debug|Any CPU
		{429168BB-D503-4778-A13F-30386063B069}.Release|Any CPU.ActiveCfg = Release|Any CPU
		{429168BB-D503-4778-A13F-30386063B069}.Release|Any CPU.Build.0 = Release|Any CPU
	EndGlobalSection
EndGlobal
